Microsoft Visual Studio Solution File, Format Version 12.00
Project("{FAE04EC0-301F-11D3-BF4B-00C04F79EFBC}") = "PyCore", "PyCore\PyCore.csproj", "{C14D32B8-5346-4DC0-B0C9-15A14455E97F}"
EndProject
Project("{FAE04EC0-301F-11D3-BF4B-00C04F79EFBC}") = "ModdedCore", "ModdedCore\ModdedCore.csproj", "{0AF7E9BE-742B-49F8-8BAD-4841D54DE3CE}"
EndProject
Global
	GlobalSection(SolutionConfigurationPlatforms) = preSolution
		Debug|Any CPU = Debug|Any CPU
		Release|Any CPU = Release|Any CPU
	EndGlobalSection
	GlobalSection(ProjectConfigurationPlatforms) = postSolution
		{4F877849-01B4-4183-BB46-6DC37C78D2CF}.Debug|Any CPU.ActiveCfg = Debug|Any CPU
		{4F877849-01B4-4183-BB46-6DC37C78D2CF}.Debug|Any CPU.Build.0 = Debug|Any CPU
		{4F877849-01B4-4183-BB46-6DC37C78D2CF}.Release|Any CPU.ActiveCfg = Release|Any CPU
		{4F877849-01B4-4183-BB46-6DC37C78D2CF}.Release|Any CPU.Build.0 = Release|Any CPU
		{809B74FF-6612-477A-8551-C34B3F1A12D2}.Debug|Any CPU.ActiveCfg = Debug|Any CPU
		{809B74FF-6612-477A-8551-C34B3F1A12D2}.Debug|Any CPU.Build.0 = Debug|Any CPU
		{809B74FF-6612-477A-8551-C34B3F1A12D2}.Release|Any CPU.ActiveCfg = Release|Any CPU
		{809B74FF-6612-477A-8551-C34B3F1A12D2}.Release|Any CPU.Build.0 = Release|Any CPU
		{C14D32B8-5346-4DC0-B0C9-15A14455E97F}.Debug|Any CPU.ActiveCfg = Debug|Any CPU
		{C14D32B8-5346-4DC0-B0C9-15A14455E97F}.Debug|Any CPU.Build.0 = Debug|Any CPU
		{C14D32B8-5346-4DC0-B0C9-15A14455E97F}.Release|Any CPU.ActiveCfg = Release|Any CPU
		{C14D32B8-5346-4DC0-B0C9-15A14455E97F}.Release|Any CPU.Build.0 = Release|Any CPU
		{0AF7E9BE-742B-49F8-8BAD-4841D54DE3CE}.Debug|Any CPU.ActiveCfg = Debug|Any CPU
		{0AF7E9BE-742B-49F8-8BAD-4841D54DE3CE}.Debug|Any CPU.Build.0 = Debug|Any CPU
		{0AF7E9BE-742B-49F8-8BAD-4841D54DE3CE}.Release|Any CPU.ActiveCfg = Release|Any CPU
		{0AF7E9BE-742B-49F8-8BAD-4841D54DE3CE}.Release|Any CPU.Build.0 = Release|Any CPU
	EndGlobalSection
EndGlobal
